
Microsoft Visual Studio Solution File, Format Version 12.00
Project("{FAE04EC0-301F-11D3-BF4B-00C04F79EFBC}") = "KutokAccounting", "KutokAccounting\KutokAccounting.csproj", "{62750AE5-D9B1-4BCE-8396-954927992DB8}"
EndProject
Global
	GlobalSection(SolutionConfigurationPlatforms) = preSolution
		Debug|Any CPU = Debug|Any CPU
		Release|Any CPU = Release|Any CPU
	EndGlobalSection
	GlobalSection(ProjectConfigurationPlatforms) = postSolution
		{62750AE5-D9B1-4BCE-8396-954927992DB8}.Debug|Any CPU.ActiveCfg = Debug|Any CPU
		{62750AE5-D9B1-4BCE-8396-954927992DB8}.Debug|Any CPU.Build.0 = Debug|Any CPU
		{62750AE5-D9B1-4BCE-8396-954927992DB8}.Release|Any CPU.ActiveCfg = Release|Any CPU
		{62750AE5-D9B1-4BCE-8396-954927992DB8}.Release|Any CPU.Build.0 = Release|Any CPU
	EndGlobalSection
EndGlobal
